<Solution>
  <Project Path="CodeGenNew.App/CodeGenNew.App.csproj">
    <Platform Project="x64" />
  </Project>
  <Project Path="CodeGenNew.Cli/CodeGenNew.Cli.csproj" />
  <Project Path="CodeGenNew.Connections/CodeGenNew.Connections.csproj" />
  <Project Path="CodeGenNew.Core/CodeGenNew.Core.csproj" />
  <Project Path="CodeGenNew.SchemaIntrospection/CodeGenNew.SchemaIntrospection.csproj" />
  <Project Path="CodeGenNew.TemplateEngine/CodeGenNew.TemplateEngine.csproj" />
</Solution>
